// !$*UTF8*$!
{
	archiveVersion = 1;
	classes = {
	};
	objectVersion = 56;
	objects = {

/* Begin PBXBuildFile section */
		1FDF112D2902AC4600D5B3A7 /* AppDelegate.swift in Sources */ = {isa = PBXBuildFile; fileRef = 1FDF112C2902AC4600D5B3A7 /* AppDelegate.swift */; };
		1FDF112F2902AC4600D5B3A7 /* SceneDelegate.swift in Sources */ = {isa = PBXBuildFile; fileRef = 1FDF112E2902AC4600D5B3A7 /* SceneDelegate.swift */; };
		1FDF11312902AC4600D5B3A7 /* EmployeerViewController.swift in Sources */ = {isa = PBXBuildFile; fileRef = 1FDF11302902AC4600D5B3A7 /* EmployeerViewController.swift */; };
		1FDF11362902AC4700D5B3A7 /* Assets.xcassets in Resources */ = {isa = PBXBuildFile; fileRef = 1FDF11352902AC4700D5B3A7 /* Assets.xcassets */; };
		1FDF11392902AC4700D5B3A7 /* LaunchScreen.storyboard in Resources */ = {isa = PBXBuildFile; fileRef = 1FDF11372902AC4700D5B3A7 /* LaunchScreen.storyboard */; };
		1FDF11412902AF2F00D5B3A7 /* DataEmployeesModel.swift in Sources */ = {isa = PBXBuildFile; fileRef = 1FDF11402902AF2F00D5B3A7 /* DataEmployeesModel.swift */; };
		1FDF11432903E76900D5B3A7 /* DataAPI.swift in Sources */ = {isa = PBXBuildFile; fileRef = 1FDF11422903E76900D5B3A7 /* DataAPI.swift */; };
		1FDF11452903E7A100D5B3A7 /* EmployeerTableViewCell.swift in Sources */ = {isa = PBXBuildFile; fileRef = 1FDF11442903E7A100D5B3A7 /* EmployeerTableViewCell.swift */; };
		1FDF114729057D1800D5B3A7 /* AlertCreator.swift in Sources */ = {isa = PBXBuildFile; fileRef = 1FDF114629057D1800D5B3A7 /* AlertCreator.swift */; };
/* End PBXBuildFile section */

/* Begin PBXFileReference section */
		1FDF11292902AC4600D5B3A7 /* TableViewList_AvitoTech.app */ = {isa = PBXFileReference; explicitFileType = wrapper.application; includeInIndex = 0; path = TableViewList_AvitoTech.app; sourceTree = BUILT_PRODUCTS_DIR; };
		1FDF112C2902AC4600D5B3A7 /* AppDelegate.swift */ = {isa = PBXFileReference; lastKnownFileType = sourcecode.swift; path = AppDelegate.swift; sourceTree = "<group>"; };
		1FDF112E2902AC4600D5B3A7 /* SceneDelegate.swift */ = {isa = PBXFileReference; lastKnownFileType = sourcecode.swift; path = SceneDelegate.swift; sourceTree = "<group>"; };
		1FDF11302902AC4600D5B3A7 /* EmployeerViewController.swift */ = {isa = PBXFileReference; lastKnownFileType = sourcecode.swift; path = EmployeerViewController.swift; sourceTree = "<group>"; };
		1FDF11352902AC4700D5B3A7 /* Assets.xcassets */ = {isa = PBXFileReference; lastKnownFileType = folder.assetcatalog; path = Assets.xcassets; sourceTree = "<group>"; };
		1FDF11382902AC4700D5B3A7 /* Base */ = {isa = PBXFileReference; lastKnownFileType = file.storyboard; name = Base; path = Base.lproj/LaunchScreen.storyboard; sourceTree = "<group>"; };
		1FDF113A2902AC4700D5B3A7 /* Info.plist */ = {isa = PBXFileReference; lastKnownFileType = text.plist.xml; path = Info.plist; sourceTree = "<group>"; };
		1FDF11402902AF2F00D5B3A7 /* DataEmployeesModel.swift */ = {isa = PBXFileReference; lastKnownFileType = sourcecode.swift; path = DataEmployeesModel.swift; sourceTree = "<group>"; };
		1FDF11422903E76900D5B3A7 /* DataAPI.swift */ = {isa = PBXFileReference; lastKnownFileType = sourcecode.swift; path = DataAPI.swift; sourceTree = "<group>"; };
		1FDF11442903E7A100D5B3A7 /* EmployeerTableViewCell.swift */ = {isa = PBXFileReference; lastKnownFileType = sourcecode.swift; path = EmployeerTableViewCell.swift; sourceTree = "<group>"; };
		1FDF114629057D1800D5B3A7 /* AlertCreator.swift */ = {isa = PBXFileReference; lastKnownFileType = sourcecode.swift; path = AlertCreator.swift; sourceTree = "<group>"; };
/* End PBXFileReference section */

/* Begin PBXFrameworksBuildPhase section */
		1FDF11262902AC4600D5B3A7 /* Frameworks */ = {
			isa = PBXFrameworksBuildPhase;
			buildActionMask = 2147483647;
			files = (
			);
			runOnlyForDeploymentPostprocessing = 0;
		};
/* End PBXFrameworksBuildPhase section */

/* Begin PBXGroup section */
		1FDF11202902AC4600D5B3A7 = {
			isa = PBXGroup;
			children = (
				1FDF112B2902AC4600D5B3A7 /* TableViewList_AvitoTech */,
				1FDF112A2902AC4600D5B3A7 /* Products */,
			);
			sourceTree = "<group>";
		};
		1FDF112A2902AC4600D5B3A7 /* Products */ = {
			isa = PBXGroup;
			children = (
				1FDF11292902AC4600D5B3A7 /* TableViewList_AvitoTech.app */,
			);
			name = Products;
			sourceTree = "<group>";
		};
		1FDF112B2902AC4600D5B3A7 /* TableViewList_AvitoTech */ = {
			isa = PBXGroup;
			children = (
				1FDF11402902AF2F00D5B3A7 /* DataEmployeesModel.swift */,
				1FDF11422903E76900D5B3A7 /* DataAPI.swift */,
				1FDF112C2902AC4600D5B3A7 /* AppDelegate.swift */,
				1FDF112E2902AC4600D5B3A7 /* SceneDelegate.swift */,
				1FDF11302902AC4600D5B3A7 /* EmployeerViewController.swift */,
				1FDF11442903E7A100D5B3A7 /* EmployeerTableViewCell.swift */,
				1FDF114629057D1800D5B3A7 /* AlertCreator.swift */,
				1FDF11352902AC4700D5B3A7 /* Assets.xcassets */,
				1FDF11372902AC4700D5B3A7 /* LaunchScreen.storyboard */,
				1FDF113A2902AC4700D5B3A7 /* Info.plist */,
			);
			path = TableViewList_AvitoTech;
			sourceTree = "<group>";
		};
/* End PBXGroup section */

/* Begin PBXNativeTarget section */
		1FDF11282902AC4600D5B3A7 /* TableViewList_AvitoTech */ = {
			isa = PBXNativeTarget;
			buildConfigurationList = 1FDF113D2902AC4700D5B3A7 /* Build configuration list for PBXNativeTarget "TableViewList_AvitoTech" */;
			buildPhases = (
				1FDF11252902AC4600D5B3A7 /* Sources */,
				1FDF11262902AC4600D5B3A7 /* Frameworks */,
				1FDF11272902AC4600D5B3A7 /* Resources */,
			);
			buildRules = (
			);
			dependencies = (
			);
			name = TableViewList_AvitoTech;
			productName = TableViewList_AvitoTech;
			productReference = 1FDF11292902AC4600D5B3A7 /* TableViewList_AvitoTech.app */;
			productType = "com.apple.product-type.application";
		};
/* End PBXNativeTarget section */

/* Begin PBXProject section */
		1FDF11212902AC4600D5B3A7 /* Project object */ = {
			isa = PBXProject;
			attributes = {
				BuildIndependentTargetsInParallel = 1;
				LastSwiftUpdateCheck = 1400;
				LastUpgradeCheck = 1400;
				TargetAttributes = {
					1FDF11282902AC4600D5B3A7 = {
						CreatedOnToolsVersion = 14.0.1;
					};
				};
			};
			buildConfigurationList = 1FDF11242902AC4600D5B3A7 /* Build configuration list for PBXProject "TableViewList_AvitoTech" */;
			compatibilityVersion = "Xcode 14.0";
			developmentRegion = en;
			hasScannedForEncodings = 0;
			knownRegions = (
				en,
				Base,
			);
			mainGroup = 1FDF11202902AC4600D5B3A7;
			productRefGroup = 1FDF112A2902AC4600D5B3A7 /* Products */;
			projectDirPath = "";
			projectRoot = "";
			targets = (
				1FDF11282902AC4600D5B3A7 /* TableViewList_AvitoTech */,
			);
		};
/* End PBXProject section */

/* Begin PBXResourcesBuildPhase section */
		1FDF11272902AC4600D5B3A7 /* Resources */ = {
			isa = PBXResourcesBuildPhase;
			buildActionMask = 2147483647;
			files = (
				1FDF11392902AC4700D5B3A7 /* LaunchScreen.storyboard in Resources */,
				1FDF11362902AC4700D5B3A7 /* Assets.xcassets in Resources */,
			);
			runOnlyForDeploymentPostprocessing = 0;
		};
/* End PBXResourcesBuildPhase section */

/* Begin PBXSourcesBuildPhase section */
		1FDF11252902AC4600D5B3A7 /* Sources */ = {
			isa = PBXSourcesBuildPhase;
			buildActionMask = 2147483647;
			files = (
				1FDF11312902AC4600D5B3A7 /* EmployeerViewController.swift in Sources */,
				1FDF11432903E76900D5B3A7 /* DataAPI.swift in Sources */,
				1FDF11452903E7A100D5B3A7 /* EmployeerTableViewCell.swift in Sources */,
				1FDF11412902AF2F00D5B3A7 /* DataEmployeesModel.swift in Sources */,
				1FDF112D2902AC4600D5B3A7 /* AppDelegate.swift in Sources */,
				1FDF112F2902AC4600D5B3A7 /* SceneDelegate.swift in Sources */,
				1FDF114729057D1800D5B3A7 /* AlertCreator.swift in Sources */,
			);
			runOnlyForDeploymentPostprocessing = 0;
		};
/* End PBXSourcesBuildPhase section */

/* Begin PBXVariantGroup section */
		1FDF11372902AC4700D5B3A7 /* LaunchScreen.storyboard */ = {
			isa = PBXVariantGroup;
			children = (
				1FDF11382902AC4700D5B3A7 /* Base */,
			);
			name = LaunchScreen.storyboard;
			sourceTree = "<group>";
		};
/* End PBXVariantGroup section */

/* Begin XCBuildConfiguration section */
		1FDF113B2902AC4700D5B3A7 /* Debug */ = {
			isa = XCBuildConfiguration;
			buildSettings = {
				ALWAYS_SEARCH_USER_PATHS = NO;
				CLANG_ANALYZER_NONNULL = YES;
				CLANG_ANALYZER_NUMBER_OBJECT_CONVERSION = YES_AGGRESSIVE;
				CLANG_CXX_LANGUAGE_STANDARD = "gnu++20";
				CLANG_ENABLE_MODULES = YES;
				CLANG_ENABLE_OBJC_ARC = YES;
				CLANG_ENABLE_OBJC_WEAK = YES;
				CLANG_WARN_BLOCK_CAPTURE_AUTORELEASING = YES;
				CLANG_WARN_BOOL_CONVERSION = YES;
				CLANG_WARN_COMMA = YES;
				CLANG_WARN_CONSTANT_CONVERSION = YES;
				CLANG_WARN_DEPRECATED_OBJC_IMPLEMENTATIONS = YES;
				CLANG_WARN_DIRECT_OBJC_ISA_USAGE = YES_ERROR;
				CLANG_WARN_DOCUMENTATION_COMMENTS = YES;
				CLANG_WARN_EMPTY_BODY = YES;
				CLANG_WARN_ENUM_CONVERSION = YES;
				CLANG_WARN_INFINITE_RECURSION = YES;
				CLANG_WARN_INT_CONVERSION = YES;
				CLANG_WARN_NON_LITERAL_NULL_CONVERSION = YES;
				CLANG_WARN_OBJC_IMPLICIT_RETAIN_SELF = YES;
				CLANG_WARN_OBJC_LITERAL_CONVERSION = YES;
				CLANG_WARN_OBJC_ROOT_CLASS = YES_ERROR;
				CLANG_WARN_QUOTED_INCLUDE_IN_FRAMEWORK_HEADER = YES;
				CLANG_WARN_RANGE_LOOP_ANALYSIS = YES;
				CLANG_WARN_STRICT_PROTOTYPES = YES;
				CLANG_WARN_SUSPICIOUS_MOVE = YES;
				CLANG_WARN_UNGUARDED_AVAILABILITY = YES_AGGRESSIVE;
				CLANG_WARN_UNREACHABLE_CODE = YES;
				CLANG_WARN__DUPLICATE_METHOD_MATCH = YES;
				COPY_PHASE_STRIP = NO;
				DEBUG_INFORMATION_FORMAT = dwarf;
				ENABLE_STRICT_OBJC_MSGSEND = YES;
				ENABLE_TESTABILITY = YES;
				GCC_C_LANGUAGE_STANDARD = gnu11;
				GCC_DYNAMIC_NO_PIC = NO;
				GCC_NO_COMMON_BLOCKS = YES;
				GCC_OPTIMIZATION_LEVEL = 0;
				GCC_PREPROCESSOR_DEFINITIONS = (
					"DEBUG=1",
					"$(inherited)",
				);
				GCC_WARN_64_TO_32_BIT_CONVERSION = YES;
				GCC_WARN_ABOUT_RETURN_TYPE = YES_ERROR;
				GCC_WARN_UNDECLARED_SELECTOR = YES;
				GCC_WARN_UNINITIALIZED_AUTOS = YES_AGGRESSIVE;
				GCC_WARN_UNUSED_FUNCTION = YES;
				GCC_WARN_UNUSED_VARIABLE = YES;
				IPHONEOS_DEPLOYMENT_TARGET = 13.0;
				MTL_ENABLE_DEBUG_INFO = INCLUDE_SOURCE;
				MTL_FAST_MATH = YES;
				ONLY_ACTIVE_ARCH = YES;
				SDKROOT = iphoneos;
				SWIFT_ACTIVE_COMPILATION_CONDITIONS = DEBUG;
				SWIFT_OPTIMIZATION_LEVEL = "-Onone";
			};
			name = Debug;
		};
		1FDF113C2902AC4700D5B3A7 /* Release */ = {
			isa = XCBuildConfiguration;
			buildSettings = {
				ALWAYS_SEARCH_USER_PATHS = NO;
				CLANG_ANALYZER_NONNULL = YES;
				CLANG_ANALYZER_NUMBER_OBJECT_CONVERSION = YES_AGGRESSIVE;
				CLANG_CXX_LANGUAGE_STANDARD = "gnu++20";
				CLANG_ENABLE_MODULES = YES;
				CLANG_ENABLE_OBJC_ARC = YES;
				CLANG_ENABLE_OBJC_WEAK = YES;
				CLANG_WARN_BLOCK_CAPTURE_AUTORELEASING = YES;
				CLANG_WARN_BOOL_CONVERSION = YES;
				CLANG_WARN_COMMA = YES;
				CLANG_WARN_CONSTANT_CONVERSION = YES;
				CLANG_WARN_DEPRECATED_OBJC_IMPLEMENTATIONS = YES;
				CLANG_WARN_DIRECT_OBJC_ISA_USAGE = YES_ERROR;
				CLANG_WARN_DOCUMENTATION_COMMENTS = YES;
				CLANG_WARN_EMPTY_BODY = YES;
				CLANG_WARN_ENUM_CONVERSION = YES;
				CLANG_WARN_INFINITE_RECURSION = YES;
				CLANG_WARN_INT_CONVERSION = YES;
				CLANG_WARN_NON_LITERAL_NULL_CONVERSION = YES;
				CLANG_WARN_OBJC_IMPLICIT_RETAIN_SELF = YES;
				CLANG_WARN_OBJC_LITERAL_CONVERSION = YES;
				CLANG_WARN_OBJC_ROOT_CLASS = YES_ERROR;
				CLANG_WARN_QUOTED_INCLUDE_IN_FRAMEWORK_HEADER = YES;
				CLANG_WARN_RANGE_LOOP_ANALYSIS = YES;
				CLANG_WARN_STRICT_PROTOTYPES = YES;
				CLANG_WARN_SUSPICIOUS_MOVE = YES;
				CLANG_WARN_UNGUARDED_AVAILABILITY = YES_AGGRESSIVE;
				CLANG_WARN_UNREACHABLE_CODE = YES;
				CLANG_WARN__DUPLICATE_METHOD_MATCH = YES;
				COPY_PHASE_STRIP = NO;
				DEBUG_INFORMATION_FORMAT = "dwarf-with-dsym";
				ENABLE_NS_ASSERTIONS = NO;
				ENABLE_STRICT_OBJC_MSGSEND = YES;
				GCC_C_LANGUAGE_STANDARD = gnu11;
				GCC_NO_COMMON_BLOCKS = YES;
				GCC_WARN_64_TO_32_BIT_CONVERSION = YES;
				GCC_WARN_ABOUT_RETURN_TYPE = YES_ERROR;
				GCC_WARN_UNDECLARED_SELECTOR = YES;
				GCC_WARN_UNINITIALIZED_AUTOS = YES_AGGRESSIVE;
				GCC_WARN_UNUSED_FUNCTION = YES;
				GCC_WARN_UNUSED_VARIABLE = YES;
				IPHONEOS_DEPLOYMENT_TARGET = 13.0;
				MTL_ENABLE_DEBUG_INFO = NO;
				MTL_FAST_MATH = YES;
				SDKROOT = iphoneos;
				SWIFT_COMPILATION_MODE = wholemodule;
				SWIFT_OPTIMIZATION_LEVEL = "-O";
				VALIDATE_PRODUCT = YES;
			};
			name = Release;
		};
		1FDF113E2902AC4700D5B3A7 /* Debug */ = {
			isa = XCBuildConfiguration;
			buildSettings = {
				ASSETCATALOG_COMPILER_APPICON_NAME = AppIcon;
				ASSETCATALOG_COMPILER_GLOBAL_ACCENT_COLOR_NAME = AccentColor;
				CODE_SIGN_STYLE = Automatic;
				CURRENT_PROJECT_VERSION = 1;
				DEVELOPMENT_TEAM = NHPG6G3743;
				GENERATE_INFOPLIST_FILE = YES;
				INFOPLIST_FILE = TableViewList_AvitoTech/Info.plist;
				INFOPLIST_KEY_LSApplicationCategoryType = "public.app-category.business";
				INFOPLIST_KEY_UIApplicationSupportsIndirectInputEvents = YES;
				INFOPLIST_KEY_UILaunchStoryboardName = LaunchScreen;
				INFOPLIST_KEY_UIStatusBarStyle = "";
				INFOPLIST_KEY_UISupportedInterfaceOrientations_iPad = "UIInterfaceOrientationPortrait UIInterfaceOrientationPortraitUpsideDown UIInterfaceOrientationLandscapeLeft UIInterfaceOrientationLandscapeRight";
				INFOPLIST_KEY_UISupportedInterfaceOrientations_iPhone = "UIInterfaceOrientationPortrait UIInterfaceOrientationLandscapeLeft UIInterfaceOrientationLandscapeRight";
				IPHONEOS_DEPLOYMENT_TARGET = 13.0;
				LD_RUNPATH_SEARCH_PATHS = (
					"$(inherited)",
					"@executable_path/Frameworks",
				);
				MARKETING_VERSION = 1.0;
				PRODUCT_BUNDLE_IDENTIFIER = "ekaterina.TableViewList-AvitoTech";
				PRODUCT_NAME = "$(TARGET_NAME)";
				SUPPORTED_PLATFORMS = "iphoneos iphonesimulator";
				SUPPORTS_MACCATALYST = NO;
				SUPPORTS_MAC_DESIGNED_FOR_IPHONE_IPAD = NO;
				SWIFT_EMIT_LOC_STRINGS = YES;
				SWIFT_VERSION = 5.0;
				TARGETED_DEVICE_FAMILY = "1,2";
			};
			name = Debug;
		};
		1FDF113F2902AC4700D5B3A7 /* Release */ = {
			isa = XCBuildConfiguration;
			buildSettings = {
				ASSETCATALOG_COMPILER_APPICON_NAME = AppIcon;
				ASSETCATALOG_COMPILER_GLOBAL_ACCENT_COLOR_NAME = AccentColor;
				CODE_SIGN_STYLE = Automatic;
				CURRENT_PROJECT_VERSION = 1;
				DEVELOPMENT_TEAM = NHPG6G3743;
				GENERATE_INFOPLIST_FILE = YES;
				INFOPLIST_FILE = TableViewList_AvitoTech/Info.plist;
				INFOPLIST_KEY_LSApplicationCategoryType = "public.app-category.business";
				INFOPLIST_KEY_UIApplicationSupportsIndirectInputEvents = YES;
				INFOPLIST_KEY_UILaunchStoryboardName = LaunchScreen;
				INFOPLIST_KEY_UIStatusBarStyle = "";
				INFOPLIST_KEY_UISupportedInterfaceOrientations_iPad = "UIInterfaceOrientationPortrait UIInterfaceOrientationPortraitUpsideDown UIInterfaceOrientationLandscapeLeft UIInterfaceOrientationLandscapeRight";
				INFOPLIST_KEY_UISupportedInterfaceOrientations_iPhone = "UIInterfaceOrientationPortrait UIInterfaceOrientationLandscapeLeft UIInterfaceOrientationLandscapeRight";
				IPHONEOS_DEPLOYMENT_TARGET = 13.0;
				LD_RUNPATH_SEARCH_PATHS = (
					"$(inherited)",
					"@executable_path/Frameworks",
				);
				MARKETING_VERSION = 1.0;
				PRODUCT_BUNDLE_IDENTIFIER = "ekaterina.TableViewList-AvitoTech";
				PRODUCT_NAME = "$(TARGET_NAME)";
				SUPPORTED_PLATFORMS = "iphoneos iphonesimulator";
				SUPPORTS_MACCATALYST = NO;
				SUPPORTS_MAC_DESIGNED_FOR_IPHONE_IPAD = NO;
				SWIFT_EMIT_LOC_STRINGS = YES;
				SWIFT_VERSION = 5.0;
				TARGETED_DEVICE_FAMILY = "1,2";
			};
			name = Release;
		};
/* End XCBuildConfiguration section */

/* Begin XCConfigurationList section */
		1FDF11242902AC4600D5B3A7 /* Build configuration list for PBXProject "TableViewList_AvitoTech" */ = {
			isa = XCConfigurationList;
			buildConfigurations = (
				1FDF113B2902AC4700D5B3A7 /* Debug */,
				1FDF113C2902AC4700D5B3A7 /* Release */,
			);
			defaultConfigurationIsVisible = 0;
			defaultConfigurationName = Release;
		};
		1FDF113D2902AC4700D5B3A7 /* Build configuration list for PBXNativeTarget "TableViewList_AvitoTech" */ = {
			isa = XCConfigurationList;
			buildConfigurations = (
				1FDF113E2902AC4700D5B3A7 /* Debug */,
				1FDF113F2902AC4700D5B3A7 /* Release */,
			);
			defaultConfigurationIsVisible = 0;
			defaultConfigurationName = Release;
		};
/* End XCConfigurationList section */
	};
	rootObject = 1FDF11212902AC4600D5B3A7 /* Project object */;
}
